// !$*UTF8*$!
{
	archiveVersion = 1;
	classes = {
	};
	objectVersion = 46;
	objects = {

/* Begin PBXBuildFile section */
		EA4852891D0284890009875A /* main.m in Sources */ = {isa = PBXBuildFile; fileRef = EA4852881D0284890009875A /* main.m */; };
		EA48528C1D0284890009875A /* AppDelegate.m in Sources */ = {isa = PBXBuildFile; fileRef = EA48528B1D0284890009875A /* AppDelegate.m */; };
		EA48528F1D0284890009875A /* ViewController.m in Sources */ = {isa = PBXBuildFile; fileRef = EA48528E1D0284890009875A /* ViewController.m */; };
		EA4852921D0284890009875A /* Main.storyboard in Resources */ = {isa = PBXBuildFile; fileRef = EA4852901D0284890009875A /* Main.storyboard */; };
		EA4852941D0284890009875A /* Assets.xcassets in Resources */ = {isa = PBXBuildFile; fileRef = EA4852931D0284890009875A /* Assets.xcassets */; };
		EA4852971D0284890009875A /* LaunchScreen.storyboard in Resources */ = {isa = PBXBuildFile; fileRef = EA4852951D0284890009875A /* LaunchScreen.storyboard */; };
		EA4852A21D0284890009875A /* UICategoryTests.m in Sources */ = {isa = PBXBuildFile; fileRef = EA4852A11D0284890009875A /* UICategoryTests.m */; };
		EA4852AD1D0284890009875A /* UICategoryUITests.m in Sources */ = {isa = PBXBuildFile; fileRef = EA4852AC1D0284890009875A /* UICategoryUITests.m */; };
		EA4852BD1D0284FE0009875A /* UIView+PDCAdd.m in Sources */ = {isa = PBXBuildFile; fileRef = EA4852BC1D0284FE0009875A /* UIView+PDCAdd.m */; };
		EA4852C31D0288D00009875A /* PDCPropertyManager.m in Sources */ = {isa = PBXBuildFile; fileRef = EA4852C21D0288D00009875A /* PDCPropertyManager.m */; };
		EA4852CA1D02A3C30009875A /* SubLabel.m in Sources */ = {isa = PBXBuildFile; fileRef = EA4852C91D02A3C30009875A /* SubLabel.m */; };
		EA624ED41D03DEBE00F673A0 /* 123.png in Resources */ = {isa = PBXBuildFile; fileRef = EA624ED31D03DEBE00F673A0 /* 123.png */; };
		EAA1E7AC1D2E3B7300D7EB62 /* Controller1.m in Sources */ = {isa = PBXBuildFile; fileRef = EAA1E7AB1D2E3B7300D7EB62 /* Controller1.m */; };
		EAF646691D051CAD006B59BD /* PDCPropertyManager+UIImageView.m in Sources */ = {isa = PBXBuildFile; fileRef = EAF646681D051CAD006B59BD /* PDCPropertyManager+UIImageView.m */; };
		EAF6466C1D051F1B006B59BD /* PDCPropertyManager+UILabel.m in Sources */ = {isa = PBXBuildFile; fileRef = EAF6466B1D051F1B006B59BD /* PDCPropertyManager+UILabel.m */; };
		EAF6466F1D051F2E006B59BD /* PDCPropertyManager+UIButton.m in Sources */ = {isa = PBXBuildFile; fileRef = EAF6466E1D051F2E006B59BD /* PDCPropertyManager+UIButton.m */; };
		EAF646721D054DE8006B59BD /* PDCPropertyManager+UITextField.m in Sources */ = {isa = PBXBuildFile; fileRef = EAF646711D054DE8006B59BD /* PDCPropertyManager+UITextField.m */; };
		EAF646751D055788006B59BD /* PDCPropertyManager+UITextView.m in Sources */ = {isa = PBXBuildFile; fileRef = EAF646741D055788006B59BD /* PDCPropertyManager+UITextView.m */; };
		EAF646781D055796006B59BD /* PDCPropertyManager+UIScrollView.m in Sources */ = {isa = PBXBuildFile; fileRef = EAF646771D055796006B59BD /* PDCPropertyManager+UIScrollView.m */; };
		EAF6467E1D0557B4006B59BD /* PDCPropertyManager+UITableView.m in Sources */ = {isa = PBXBuildFile; fileRef = EAF6467D1D0557B4006B59BD /* PDCPropertyManager+UITableView.m */; };
		EAF646811D055A83006B59BD /* PDCPropertyManager+Other.m in Sources */ = {isa = PBXBuildFile; fileRef = EAF646801D055A83006B59BD /* PDCPropertyManager+Other.m */; };
		EAF646841D056C24006B59BD /* PDCPropertyManager+UITableViewCell.m in Sources */ = {isa = PBXBuildFile; fileRef = EAF646831D056C24006B59BD /* PDCPropertyManager+UITableViewCell.m */; };
		EAF646871D056C2F006B59BD /* PDCPropertyManager+UICollectionView.m in Sources */ = {isa = PBXBuildFile; fileRef = EAF646861D056C2F006B59BD /* PDCPropertyManager+UICollectionView.m */; };
		EAF6468A1D056C48006B59BD /* PDCPropertyManager+UICollectionViewCell.m in Sources */ = {isa = PBXBuildFile; fileRef = EAF646891D056C48006B59BD /* PDCPropertyManager+UICollectionViewCell.m */; };
		EAF6468D1D056C59006B59BD /* PDCPropertyManager+UIWebView.m in Sources */ = {isa = PBXBuildFile; fileRef = EAF6468C1D056C59006B59BD /* PDCPropertyManager+UIWebView.m */; };
		EAF646901D056C66006B59BD /* PDCPropertyManager+UISwitch.m in Sources */ = {isa = PBXBuildFile; fileRef = EAF6468F1D056C66006B59BD /* PDCPropertyManager+UISwitch.m */; };
		EAF646931D056CB7006B59BD /* PDCPropertyManager+UIProgressView.m in Sources */ = {isa = PBXBuildFile; fileRef = EAF646921D056CB7006B59BD /* PDCPropertyManager+UIProgressView.m */; };
		EAF646961D056CD0006B59BD /* PDCPropertyManager+UISlider.m in Sources */ = {isa = PBXBuildFile; fileRef = EAF646951D056CD0006B59BD /* PDCPropertyManager+UISlider.m */; };
		EAF646991D056CE9006B59BD /* PDCPropertyManager+UISegmentedControl.m in Sources */ = {isa = PBXBuildFile; fileRef = EAF646981D056CE9006B59BD /* PDCPropertyManager+UISegmentedControl.m */; };
		EAF6469C1D056CFC006B59BD /* PDCPropertyManager+UIStepper.m in Sources */ = {isa = PBXBuildFile; fileRef = EAF6469B1D056CFC006B59BD /* PDCPropertyManager+UIStepper.m */; };
		EAF6469F1D056D0D006B59BD /* PDCPropertyManager+UIDatePicker.m in Sources */ = {isa = PBXBuildFile; fileRef = EAF6469E1D056D0D006B59BD /* PDCPropertyManager+UIDatePicker.m */; };
		EAF646A21D056D27006B59BD /* PDCPropertyManager+UIStackView.m in Sources */ = {isa = PBXBuildFile; fileRef = EAF646A11D056D27006B59BD /* PDCPropertyManager+UIStackView.m */; };
/* End PBXBuildFile section */

/* Begin PBXContainerItemProxy section */
		EA48529E1D0284890009875A /* PBXContainerItemProxy */ = {
			isa = PBXContainerItemProxy;
			containerPortal = EA48527C1D0284890009875A /* Project object */;
			proxyType = 1;
			remoteGlobalIDString = EA4852831D0284890009875A;
			remoteInfo = UICategory;
		};
		EA4852A91D0284890009875A /* PBXContainerItemProxy */ = {
			isa = PBXContainerItemProxy;
			containerPortal = EA48527C1D0284890009875A /* Project object */;
			proxyType = 1;
			remoteGlobalIDString = EA4852831D0284890009875A;
			remoteInfo = UICategory;
		};
/* End PBXContainerItemProxy section */

/* Begin PBXFileReference section */
		EA4852841D0284890009875A /* UICategory.app */ = {isa = PBXFileReference; explicitFileType = wrapper.application; includeInIndex = 0; path = UICategory.app; sourceTree = BUILT_PRODUCTS_DIR; };
		EA4852881D0284890009875A /* main.m */ = {isa = PBXFileReference; lastKnownFileType = sourcecode.c.objc; path = main.m; sourceTree = "<group>"; };
		EA48528A1D0284890009875A /* AppDelegate.h */ = {isa = PBXFileReference; lastKnownFileType = sourcecode.c.h; path = AppDelegate.h; sourceTree = "<group>"; };
		EA48528B1D0284890009875A /* AppDelegate.m */ = {isa = PBXFileReference; lastKnownFileType = sourcecode.c.objc; path = AppDelegate.m; sourceTree = "<group>"; };
		EA48528D1D0284890009875A /* ViewController.h */ = {isa = PBXFileReference; lastKnownFileType = sourcecode.c.h; path = ViewController.h; sourceTree = "<group>"; };
		EA48528E1D0284890009875A /* ViewController.m */ = {isa = PBXFileReference; lastKnownFileType = sourcecode.c.objc; path = ViewController.m; sourceTree = "<group>"; };
		EA4852911D0284890009875A /* Base */ = {isa = PBXFileReference; lastKnownFileType = file.storyboard; name = Base; path = Base.lproj/Main.storyboard; sourceTree = "<group>"; };
		EA4852931D0284890009875A /* Assets.xcassets */ = {isa = PBXFileReference; lastKnownFileType = folder.assetcatalog; path = Assets.xcassets; sourceTree = "<group>"; };
		EA4852961D0284890009875A /* Base */ = {isa = PBXFileReference; lastKnownFileType = file.storyboard; name = Base; path = Base.lproj/LaunchScreen.storyboard; sourceTree = "<group>"; };
		EA4852981D0284890009875A /* Info.plist */ = {isa = PBXFileReference; lastKnownFileType = text.plist.xml; path = Info.plist; sourceTree = "<group>"; };
		EA48529D1D0284890009875A /* UICategoryTests.xctest */ = {isa = PBXFileReference; explicitFileType = wrapper.cfbundle; includeInIndex = 0; path = UICategoryTests.xctest; sourceTree = BUILT_PRODUCTS_DIR; };
		EA4852A11D0284890009875A /* UICategoryTests.m */ = {isa = PBXFileReference; lastKnownFileType = sourcecode.c.objc; path = UICategoryTests.m; sourceTree = "<group>"; };
		EA4852A31D0284890009875A /* Info.plist */ = {isa = PBXFileReference; lastKnownFileType = text.plist.xml; path = Info.plist; sourceTree = "<group>"; };
		EA4852A81D0284890009875A /* UICategoryUITests.xctest */ = {isa = PBXFileReference; explicitFileType = wrapper.cfbundle; includeInIndex = 0; path = UICategoryUITests.xctest; sourceTree = BUILT_PRODUCTS_DIR; };
		EA4852AC1D0284890009875A /* UICategoryUITests.m */ = {isa = PBXFileReference; lastKnownFileType = sourcecode.c.objc; path = UICategoryUITests.m; sourceTree = "<group>"; };
		EA4852AE1D0284890009875A /* Info.plist */ = {isa = PBXFileReference; lastKnownFileType = text.plist.xml; path = Info.plist; sourceTree = "<group>"; };
		EA4852BB1D0284FE0009875A /* UIView+PDCAdd.h */ = {isa = PBXFileReference; fileEncoding = 4; lastKnownFileType = sourcecode.c.h; path = "UIView+PDCAdd.h"; sourceTree = "<group>"; };
		EA4852BC1D0284FE0009875A /* UIView+PDCAdd.m */ = {isa = PBXFileReference; fileEncoding = 4; lastKnownFileType = sourcecode.c.objc; path = "UIView+PDCAdd.m"; sourceTree = "<group>"; };
		EA4852C11D0288D00009875A /* PDCPropertyManager.h */ = {isa = PBXFileReference; fileEncoding = 4; lastKnownFileType = sourcecode.c.h; path = PDCPropertyManager.h; sourceTree = "<group>"; };
		EA4852C21D0288D00009875A /* PDCPropertyManager.m */ = {isa = PBXFileReference; fileEncoding = 4; lastKnownFileType = sourcecode.c.objc; path = PDCPropertyManager.m; sourceTree = "<group>"; };
		EA4852C81D02A3C30009875A /* SubLabel.h */ = {isa = PBXFileReference; fileEncoding = 4; lastKnownFileType = sourcecode.c.h; path = SubLabel.h; sourceTree = "<group>"; };
		EA4852C91D02A3C30009875A /* SubLabel.m */ = {isa = PBXFileReference; fileEncoding = 4; lastKnownFileType = sourcecode.c.objc; path = SubLabel.m; sourceTree = "<group>"; };
		EA624ED31D03DEBE00F673A0 /* 123.png */ = {isa = PBXFileReference; lastKnownFileType = image.png; path = 123.png; sourceTree = "<group>"; };
		EAA1E7AA1D2E3B7300D7EB62 /* Controller1.h */ = {isa = PBXFileReference; fileEncoding = 4; lastKnownFileType = sourcecode.c.h; path = Controller1.h; sourceTree = "<group>"; };
		EAA1E7AB1D2E3B7300D7EB62 /* Controller1.m */ = {isa = PBXFileReference; fileEncoding = 4; lastKnownFileType = sourcecode.c.objc; path = Controller1.m; sourceTree = "<group>"; };
		EAA1E7AD1D2E3C8900D7EB62 /* PDCManagerHeader.h */ = {isa = PBXFileReference; lastKnownFileType = sourcecode.c.h; path = PDCManagerHeader.h; sourceTree = "<group>"; };
		EAF646671D051CAD006B59BD /* PDCPropertyManager+UIImageView.h */ = {isa = PBXFileReference; fileEncoding = 4; lastKnownFileType = sourcecode.c.h; path = "PDCPropertyManager+UIImageView.h"; sourceTree = "<group>"; };
		EAF646681D051CAD006B59BD /* PDCPropertyManager+UIImageView.m */ = {isa = PBXFileReference; fileEncoding = 4; lastKnownFileType = sourcecode.c.objc; path = "PDCPropertyManager+UIImageView.m"; sourceTree = "<group>"; };
		EAF6466A1D051F1B006B59BD /* PDCPropertyManager+UILabel.h */ = {isa = PBXFileReference; fileEncoding = 4; lastKnownFileType = sourcecode.c.h; path = "PDCPropertyManager+UILabel.h"; sourceTree = "<group>"; };
		EAF6466B1D051F1B006B59BD /* PDCPropertyManager+UILabel.m */ = {isa = PBXFileReference; fileEncoding = 4; lastKnownFileType = sourcecode.c.objc; path = "PDCPropertyManager+UILabel.m"; sourceTree = "<group>"; };
		EAF6466D1D051F2E006B59BD /* PDCPropertyManager+UIButton.h */ = {isa = PBXFileReference; fileEncoding = 4; lastKnownFileType = sourcecode.c.h; path = "PDCPropertyManager+UIButton.h"; sourceTree = "<group>"; };
		EAF6466E1D051F2E006B59BD /* PDCPropertyManager+UIButton.m */ = {isa = PBXFileReference; fileEncoding = 4; lastKnownFileType = sourcecode.c.objc; path = "PDCPropertyManager+UIButton.m"; sourceTree = "<group>"; };
		EAF646701D054DE8006B59BD /* PDCPropertyManager+UITextField.h */ = {isa = PBXFileReference; fileEncoding = 4; lastKnownFileType = sourcecode.c.h; path = "PDCPropertyManager+UITextField.h"; sourceTree = "<group>"; };
		EAF646711D054DE8006B59BD /* PDCPropertyManager+UITextField.m */ = {isa = PBXFileReference; fileEncoding = 4; lastKnownFileType = sourcecode.c.objc; path = "PDCPropertyManager+UITextField.m"; sourceTree = "<group>"; };
		EAF646731D055788006B59BD /* PDCPropertyManager+UITextView.h */ = {isa = PBXFileReference; fileEncoding = 4; lastKnownFileType = sourcecode.c.h; path = "PDCPropertyManager+UITextView.h"; sourceTree = "<group>"; };
		EAF646741D055788006B59BD /* PDCPropertyManager+UITextView.m */ = {isa = PBXFileReference; fileEncoding = 4; lastKnownFileType = sourcecode.c.objc; path = "PDCPropertyManager+UITextView.m"; sourceTree = "<group>"; };
		EAF646761D055796006B59BD /* PDCPropertyManager+UIScrollView.h */ = {isa = PBXFileReference; fileEncoding = 4; lastKnownFileType = sourcecode.c.h; path = "PDCPropertyManager+UIScrollView.h"; sourceTree = "<group>"; };
		EAF646771D055796006B59BD /* PDCPropertyManager+UIScrollView.m */ = {isa = PBXFileReference; fileEncoding = 4; lastKnownFileType = sourcecode.c.objc; path = "PDCPropertyManager+UIScrollView.m"; sourceTree = "<group>"; };
		EAF6467C1D0557B3006B59BD /* PDCPropertyManager+UITableView.h */ = {isa = PBXFileReference; fileEncoding = 4; lastKnownFileType = sourcecode.c.h; path = "PDCPropertyManager+UITableView.h"; sourceTree = "<group>"; };
		EAF6467D1D0557B4006B59BD /* PDCPropertyManager+UITableView.m */ = {isa = PBXFileReference; fileEncoding = 4; lastKnownFileType = sourcecode.c.objc; path = "PDCPropertyManager+UITableView.m"; sourceTree = "<group>"; };
		EAF6467F1D055A83006B59BD /* PDCPropertyManager+Other.h */ = {isa = PBXFileReference; fileEncoding = 4; lastKnownFileType = sourcecode.c.h; path = "PDCPropertyManager+Other.h"; sourceTree = "<group>"; };
		EAF646801D055A83006B59BD /* PDCPropertyManager+Other.m */ = {isa = PBXFileReference; fileEncoding = 4; lastKnownFileType = sourcecode.c.objc; path = "PDCPropertyManager+Other.m"; sourceTree = "<group>"; };
		EAF646821D056C24006B59BD /* PDCPropertyManager+UITableViewCell.h */ = {isa = PBXFileReference; fileEncoding = 4; lastKnownFileType = sourcecode.c.h; path = "PDCPropertyManager+UITableViewCell.h"; sourceTree = "<group>"; };
		EAF646831D056C24006B59BD /* PDCPropertyManager+UITableViewCell.m */ = {isa = PBXFileReference; fileEncoding = 4; lastKnownFileType = sourcecode.c.objc; path = "PDCPropertyManager+UITableViewCell.m"; sourceTree = "<group>"; };
		EAF646851D056C2F006B59BD /* PDCPropertyManager+UICollectionView.h */ = {isa = PBXFileReference; fileEncoding = 4; lastKnownFileType = sourcecode.c.h; path = "PDCPropertyManager+UICollectionView.h"; sourceTree = "<group>"; };
		EAF646861D056C2F006B59BD /* PDCPropertyManager+UICollectionView.m */ = {isa = PBXFileReference; fileEncoding = 4; lastKnownFileType = sourcecode.c.objc; path = "PDCPropertyManager+UICollectionView.m"; sourceTree = "<group>"; };
		EAF646881D056C48006B59BD /* PDCPropertyManager+UICollectionViewCell.h */ = {isa = PBXFileReference; fileEncoding = 4; lastKnownFileType = sourcecode.c.h; path = "PDCPropertyManager+UICollectionViewCell.h"; sourceTree = "<group>"; };
		EAF646891D056C48006B59BD /* PDCPropertyManager+UICollectionViewCell.m */ = {isa = PBXFileReference; fileEncoding = 4; lastKnownFileType = sourcecode.c.objc; path = "PDCPropertyManager+UICollectionViewCell.m"; sourceTree = "<group>"; };
		EAF6468B1D056C59006B59BD /* PDCPropertyManager+UIWebView.h */ = {isa = PBXFileReference; fileEncoding = 4; lastKnownFileType = sourcecode.c.h; path = "PDCPropertyManager+UIWebView.h"; sourceTree = "<group>"; };
		EAF6468C1D056C59006B59BD /* PDCPropertyManager+UIWebView.m */ = {isa = PBXFileReference; fileEncoding = 4; lastKnownFileType = sourcecode.c.objc; path = "PDCPropertyManager+UIWebView.m"; sourceTree = "<group>"; };
		EAF6468E1D056C66006B59BD /* PDCPropertyManager+UISwitch.h */ = {isa = PBXFileReference; fileEncoding = 4; lastKnownFileType = sourcecode.c.h; path = "PDCPropertyManager+UISwitch.h"; sourceTree = "<group>"; };
		EAF6468F1D056C66006B59BD /* PDCPropertyManager+UISwitch.m */ = {isa = PBXFileReference; fileEncoding = 4; lastKnownFileType = sourcecode.c.objc; path = "PDCPropertyManager+UISwitch.m"; sourceTree = "<group>"; };
		EAF646911D056CB7006B59BD /* PDCPropertyManager+UIProgressView.h */ = {isa = PBXFileReference; fileEncoding = 4; lastKnownFileType = sourcecode.c.h; path = "PDCPropertyManager+UIProgressView.h"; sourceTree = "<group>"; };
		EAF646921D056CB7006B59BD /* PDCPropertyManager+UIProgressView.m */ = {isa = PBXFileReference; fileEncoding = 4; lastKnownFileType = sourcecode.c.objc; path = "PDCPropertyManager+UIProgressView.m"; sourceTree = "<group>"; };
		EAF646941D056CD0006B59BD /* PDCPropertyManager+UISlider.h */ = {isa = PBXFileReference; fileEncoding = 4; lastKnownFileType = sourcecode.c.h; path = "PDCPropertyManager+UISlider.h"; sourceTree = "<group>"; };
		EAF646951D056CD0006B59BD /* PDCPropertyManager+UISlider.m */ = {isa = PBXFileReference; fileEncoding = 4; lastKnownFileType = sourcecode.c.objc; path = "PDCPropertyManager+UISlider.m"; sourceTree = "<group>"; };
		EAF646971D056CE9006B59BD /* PDCPropertyManager+UISegmentedControl.h */ = {isa = PBXFileReference; fileEncoding = 4; lastKnownFileType = sourcecode.c.h; path = "PDCPropertyManager+UISegmentedControl.h"; sourceTree = "<group>"; };
		EAF646981D056CE9006B59BD /* PDCPropertyManager+UISegmentedControl.m */ = {isa = PBXFileReference; fileEncoding = 4; lastKnownFileType = sourcecode.c.objc; path = "PDCPropertyManager+UISegmentedControl.m"; sourceTree = "<group>"; };
		EAF6469A1D056CFC006B59BD /* PDCPropertyManager+UIStepper.h */ = {isa = PBXFileReference; fileEncoding = 4; lastKnownFileType = sourcecode.c.h; path = "PDCPropertyManager+UIStepper.h"; sourceTree = "<group>"; };
		EAF6469B1D056CFC006B59BD /* PDCPropertyManager+UIStepper.m */ = {isa = PBXFileReference; fileEncoding = 4; lastKnownFileType = sourcecode.c.objc; path = "PDCPropertyManager+UIStepper.m"; sourceTree = "<group>"; };
		EAF6469D1D056D0D006B59BD /* PDCPropertyManager+UIDatePicker.h */ = {isa = PBXFileReference; fileEncoding = 4; lastKnownFileType = sourcecode.c.h; path = "PDCPropertyManager+UIDatePicker.h"; sourceTree = "<group>"; };
		EAF6469E1D056D0D006B59BD /* PDCPropertyManager+UIDatePicker.m */ = {isa = PBXFileReference; fileEncoding = 4; lastKnownFileType = sourcecode.c.objc; path = "PDCPropertyManager+UIDatePicker.m"; sourceTree = "<group>"; };
		EAF646A01D056D27006B59BD /* PDCPropertyManager+UIStackView.h */ = {isa = PBXFileReference; fileEncoding = 4; lastKnownFileType = sourcecode.c.h; path = "PDCPropertyManager+UIStackView.h"; sourceTree = "<group>"; };
		EAF646A11D056D27006B59BD /* PDCPropertyManager+UIStackView.m */ = {isa = PBXFileReference; fileEncoding = 4; lastKnownFileType = sourcecode.c.objc; path = "PDCPropertyManager+UIStackView.m"; sourceTree = "<group>"; };
/* End PBXFileReference section */

/* Begin PBXFrameworksBuildPhase section */
		EA4852811D0284890009875A /* Frameworks */ = {
			isa = PBXFrameworksBuildPhase;
			buildActionMask = 2147483647;
			files = (
			);
			runOnlyForDeploymentPostprocessing = 0;
		};
		EA48529A1D0284890009875A /* Frameworks */ = {
			isa = PBXFrameworksBuildPhase;
			buildActionMask = 2147483647;
			files = (
			);
			runOnlyForDeploymentPostprocessing = 0;
		};
		EA4852A51D0284890009875A /* Frameworks */ = {
			isa = PBXFrameworksBuildPhase;
			buildActionMask = 2147483647;
			files = (
			);
			runOnlyForDeploymentPostprocessing = 0;
		};
/* End PBXFrameworksBuildPhase section */

/* Begin PBXGroup section */
		EA48527B1D0284890009875A = {
			isa = PBXGroup;
			children = (
				EA4852861D0284890009875A /* UICategory */,
				EA4852A01D0284890009875A /* UICategoryTests */,
				EA4852AB1D0284890009875A /* UICategoryUITests */,
				EA4852851D0284890009875A /* Products */,
			);
			sourceTree = "<group>";
		};
		EA4852851D0284890009875A /* Products */ = {
			isa = PBXGroup;
			children = (
				EA4852841D0284890009875A /* UICategory.app */,
				EA48529D1D0284890009875A /* UICategoryTests.xctest */,
				EA4852A81D0284890009875A /* UICategoryUITests.xctest */,
			);
			name = Products;
			sourceTree = "<group>";
		};
		EA4852861D0284890009875A /* UICategory */ = {
			isa = PBXGroup;
			children = (
				EA4852D31D02C5130009875A /* main */,
				EA4852C41D02A34B0009875A /* subclass */,
				EA48528A1D0284890009875A /* AppDelegate.h */,
				EA48528B1D0284890009875A /* AppDelegate.m */,
				EA48528D1D0284890009875A /* ViewController.h */,
				EA48528E1D0284890009875A /* ViewController.m */,
				EAA1E7AA1D2E3B7300D7EB62 /* Controller1.h */,
				EAA1E7AB1D2E3B7300D7EB62 /* Controller1.m */,
				EA4852901D0284890009875A /* Main.storyboard */,
				EA624ED31D03DEBE00F673A0 /* 123.png */,
				EA4852931D0284890009875A /* Assets.xcassets */,
				EA4852951D0284890009875A /* LaunchScreen.storyboard */,
				EA4852981D0284890009875A /* Info.plist */,
				EA4852871D0284890009875A /* Supporting Files */,
			);
			path = UICategory;
			sourceTree = "<group>";
		};
		EA4852871D0284890009875A /* Supporting Files */ = {
			isa = PBXGroup;
			children = (
				EA4852881D0284890009875A /* main.m */,
			);
			name = "Supporting Files";
			sourceTree = "<group>";
		};
		EA4852A01D0284890009875A /* UICategoryTests */ = {
			isa = PBXGroup;
			children = (
				EA4852A11D0284890009875A /* UICategoryTests.m */,
				EA4852A31D0284890009875A /* Info.plist */,
			);
			path = UICategoryTests;
			sourceTree = "<group>";
		};
		EA4852AB1D0284890009875A /* UICategoryUITests */ = {
			isa = PBXGroup;
			children = (
				EA4852AC1D0284890009875A /* UICategoryUITests.m */,
				EA4852AE1D0284890009875A /* Info.plist */,
			);
			path = UICategoryUITests;
			sourceTree = "<group>";
		};
		EA4852C41D02A34B0009875A /* subclass */ = {
			isa = PBXGroup;
			children = (
				EA4852C81D02A3C30009875A /* SubLabel.h */,
				EA4852C91D02A3C30009875A /* SubLabel.m */,
			);
			name = subclass;
			sourceTree = "<group>";
		};
		EA4852D31D02C5130009875A /* main */ = {
			isa = PBXGroup;
			children = (
				EA4852BB1D0284FE0009875A /* UIView+PDCAdd.h */,
				EA4852BC1D0284FE0009875A /* UIView+PDCAdd.m */,
				EAA1E7AD1D2E3C8900D7EB62 /* PDCManagerHeader.h */,
				EA4852C11D0288D00009875A /* PDCPropertyManager.h */,
				EA4852C21D0288D00009875A /* PDCPropertyManager.m */,
				EAF6466D1D051F2E006B59BD /* PDCPropertyManager+UIButton.h */,
				EAF6466E1D051F2E006B59BD /* PDCPropertyManager+UIButton.m */,
				EAF646671D051CAD006B59BD /* PDCPropertyManager+UIImageView.h */,
				EAF646681D051CAD006B59BD /* PDCPropertyManager+UIImageView.m */,
				EAF6466A1D051F1B006B59BD /* PDCPropertyManager+UILabel.h */,
				EAF6466B1D051F1B006B59BD /* PDCPropertyManager+UILabel.m */,
				EAF646701D054DE8006B59BD /* PDCPropertyManager+UITextField.h */,
				EAF646711D054DE8006B59BD /* PDCPropertyManager+UITextField.m */,
				EAF646731D055788006B59BD /* PDCPropertyManager+UITextView.h */,
				EAF646741D055788006B59BD /* PDCPropertyManager+UITextView.m */,
				EAF646761D055796006B59BD /* PDCPropertyManager+UIScrollView.h */,
				EAF646771D055796006B59BD /* PDCPropertyManager+UIScrollView.m */,
				EAF6467C1D0557B3006B59BD /* PDCPropertyManager+UITableView.h */,
				EAF6467D1D0557B4006B59BD /* PDCPropertyManager+UITableView.m */,
				EAF646821D056C24006B59BD /* PDCPropertyManager+UITableViewCell.h */,
				EAF646831D056C24006B59BD /* PDCPropertyManager+UITableViewCell.m */,
				EAF646851D056C2F006B59BD /* PDCPropertyManager+UICollectionView.h */,
				EAF646861D056C2F006B59BD /* PDCPropertyManager+UICollectionView.m */,
				EAF646881D056C48006B59BD /* PDCPropertyManager+UICollectionViewCell.h */,
				EAF646891D056C48006B59BD /* PDCPropertyManager+UICollectionViewCell.m */,
				EAF6468B1D056C59006B59BD /* PDCPropertyManager+UIWebView.h */,
				EAF6468C1D056C59006B59BD /* PDCPropertyManager+UIWebView.m */,
				EAF6468E1D056C66006B59BD /* PDCPropertyManager+UISwitch.h */,
				EAF6468F1D056C66006B59BD /* PDCPropertyManager+UISwitch.m */,
				EAF646911D056CB7006B59BD /* PDCPropertyManager+UIProgressView.h */,
				EAF646921D056CB7006B59BD /* PDCPropertyManager+UIProgressView.m */,
				EAF646941D056CD0006B59BD /* PDCPropertyManager+UISlider.h */,
				EAF646951D056CD0006B59BD /* PDCPropertyManager+UISlider.m */,
				EAF646971D056CE9006B59BD /* PDCPropertyManager+UISegmentedControl.h */,
				EAF646981D056CE9006B59BD /* PDCPropertyManager+UISegmentedControl.m */,
				EAF6469A1D056CFC006B59BD /* PDCPropertyManager+UIStepper.h */,
				EAF6469B1D056CFC006B59BD /* PDCPropertyManager+UIStepper.m */,
				EAF6469D1D056D0D006B59BD /* PDCPropertyManager+UIDatePicker.h */,
				EAF6469E1D056D0D006B59BD /* PDCPropertyManager+UIDatePicker.m */,
				EAF646A01D056D27006B59BD /* PDCPropertyManager+UIStackView.h */,
				EAF646A11D056D27006B59BD /* PDCPropertyManager+UIStackView.m */,
				EAF6467F1D055A83006B59BD /* PDCPropertyManager+Other.h */,
				EAF646801D055A83006B59BD /* PDCPropertyManager+Other.m */,
			);
			name = main;
			sourceTree = "<group>";
		};
/* End PBXGroup section */

/* Begin PBXNativeTarget section */
		EA4852831D0284890009875A /* UICategory */ = {
			isa = PBXNativeTarget;
			buildConfigurationList = EA4852B11D0284890009875A /* Build configuration list for PBXNativeTarget "UICategory" */;
			buildPhases = (
				EA4852801D0284890009875A /* Sources */,
				EA4852811D0284890009875A /* Frameworks */,
				EA4852821D0284890009875A /* Resources */,
			);
			buildRules = (
			);
			dependencies = (
			);
			name = UICategory;
			productName = UICategory;
			productReference = EA4852841D0284890009875A /* UICategory.app */;
			productType = "com.apple.product-type.application";
		};
		EA48529C1D0284890009875A /* UICategoryTests */ = {
			isa = PBXNativeTarget;
			buildConfigurationList = EA4852B41D0284890009875A /* Build configuration list for PBXNativeTarget "UICategoryTests" */;
			buildPhases = (
				EA4852991D0284890009875A /* Sources */,
				EA48529A1D0284890009875A /* Frameworks */,
				EA48529B1D0284890009875A /* Resources */,
			);
			buildRules = (
			);
			dependencies = (
				EA48529F1D0284890009875A /* PBXTargetDependency */,
			);
			name = UICategoryTests;
			productName = UICategoryTests;
			productReference = EA48529D1D0284890009875A /* UICategoryTests.xctest */;
			productType = "com.apple.product-type.bundle.unit-test";
		};
		EA4852A71D0284890009875A /* UICategoryUITests */ = {
			isa = PBXNativeTarget;
			buildConfigurationList = EA4852B71D0284890009875A /* Build configuration list for PBXNativeTarget "UICategoryUITests" */;
			buildPhases = (
				EA4852A41D0284890009875A /* Sources */,
				EA4852A51D0284890009875A /* Frameworks */,
				EA4852A61D0284890009875A /* Resources */,
			);
			buildRules = (
			);
			dependencies = (
				EA4852AA1D0284890009875A /* PBXTargetDependency */,
			);
			name = UICategoryUITests;
			productName = UICategoryUITests;
			productReference = EA4852A81D0284890009875A /* UICategoryUITests.xctest */;
			productType = "com.apple.product-type.bundle.ui-testing";
		};
/* End PBXNativeTarget section */

/* Begin PBXProject section */
		EA48527C1D0284890009875A /* Project object */ = {
			isa = PBXProject;
			attributes = {
				LastUpgradeCheck = 0730;
				ORGANIZATIONNAME = KH;
				TargetAttributes = {
					EA4852831D0284890009875A = {
						CreatedOnToolsVersion = 7.3.1;
					};
					EA48529C1D0284890009875A = {
						CreatedOnToolsVersion = 7.3.1;
						TestTargetID = EA4852831D0284890009875A;
					};
					EA4852A71D0284890009875A = {
						CreatedOnToolsVersion = 7.3.1;
						TestTargetID = EA4852831D0284890009875A;
					};
				};
			};
			buildConfigurationList = EA48527F1D0284890009875A /* Build configuration list for PBXProject "UICategory" */;
			compatibilityVersion = "Xcode 3.2";
			developmentRegion = English;
			hasScannedForEncodings = 0;
			knownRegions = (
				en,
				Base,
			);
			mainGroup = EA48527B1D0284890009875A;
			productRefGroup = EA4852851D0284890009875A /* Products */;
			projectDirPath = "";
			projectRoot = "";
			targets = (
				EA4852831D0284890009875A /* UICategory */,
				EA48529C1D0284890009875A /* UICategoryTests */,
				EA4852A71D0284890009875A /* UICategoryUITests */,
			);
		};
/* End PBXProject section */

/* Begin PBXResourcesBuildPhase section */
		EA4852821D0284890009875A /* Resources */ = {
			isa = PBXResourcesBuildPhase;
			buildActionMask = 2147483647;
			files = (
				EA624ED41D03DEBE00F673A0 /* 123.png in Resources */,
				EA4852971D0284890009875A /* LaunchScreen.storyboard in Resources */,
				EA4852941D0284890009875A /* Assets.xcassets in Resources */,
				EA4852921D0284890009875A /* Main.storyboard in Resources */,
			);
			runOnlyForDeploymentPostprocessing = 0;
		};
		EA48529B1D0284890009875A /* Resources */ = {
			isa = PBXResourcesBuildPhase;
			buildActionMask = 2147483647;
			files = (
			);
			runOnlyForDeploymentPostprocessing = 0;
		};
		EA4852A61D0284890009875A /* Resources */ = {
			isa = PBXResourcesBuildPhase;
			buildActionMask = 2147483647;
			files = (
			);
			runOnlyForDeploymentPostprocessing = 0;
		};
/* End PBXResourcesBuildPhase section */

/* Begin PBXSourcesBuildPhase section */
		EA4852801D0284890009875A /* Sources */ = {
			isa = PBXSourcesBuildPhase;
			buildActionMask = 2147483647;
			files = (
				EAF6466F1D051F2E006B59BD /* PDCPropertyManager+UIButton.m in Sources */,
				EAF6467E1D0557B4006B59BD /* PDCPropertyManager+UITableView.m in Sources */,
				EAF6468D1D056C59006B59BD /* PDCPropertyManager+UIWebView.m in Sources */,
				EA48528F1D0284890009875A /* ViewController.m in Sources */,
				EAF646961D056CD0006B59BD /* PDCPropertyManager+UISlider.m in Sources */,
				EAF6469C1D056CFC006B59BD /* PDCPropertyManager+UIStepper.m in Sources */,
				EAF646811D055A83006B59BD /* PDCPropertyManager+Other.m in Sources */,
				EAF646781D055796006B59BD /* PDCPropertyManager+UIScrollView.m in Sources */,
				EAF6469F1D056D0D006B59BD /* PDCPropertyManager+UIDatePicker.m in Sources */,
				EAF646A21D056D27006B59BD /* PDCPropertyManager+UIStackView.m in Sources */,
				EAF646931D056CB7006B59BD /* PDCPropertyManager+UIProgressView.m in Sources */,
				EAF646691D051CAD006B59BD /* PDCPropertyManager+UIImageView.m in Sources */,
				EA48528C1D0284890009875A /* AppDelegate.m in Sources */,
				EAF646871D056C2F006B59BD /* PDCPropertyManager+UICollectionView.m in Sources */,
				EAF646721D054DE8006B59BD /* PDCPropertyManager+UITextField.m in Sources */,
				EA4852BD1D0284FE0009875A /* UIView+PDCAdd.m in Sources */,
				EA4852891D0284890009875A /* main.m in Sources */,
				EAF646751D055788006B59BD /* PDCPropertyManager+UITextView.m in Sources */,
				EAF646991D056CE9006B59BD /* PDCPropertyManager+UISegmentedControl.m in Sources */,
				EA4852C31D0288D00009875A /* PDCPropertyManager.m in Sources */,
				EAF646901D056C66006B59BD /* PDCPropertyManager+UISwitch.m in Sources */,
				EAF6468A1D056C48006B59BD /* PDCPropertyManager+UICollectionViewCell.m in Sources */,
				EA4852CA1D02A3C30009875A /* SubLabel.m in Sources */,
				EAF6466C1D051F1B006B59BD /* PDCPropertyManager+UILabel.m in Sources */,
				EAF646841D056C24006B59BD /* PDCPropertyManager+UITableViewCell.m in Sources */,
				EAA1E7AC1D2E3B7300D7EB62 /* Controller1.m in Sources */,
			);
			runOnlyForDeploymentPostprocessing = 0;
		};
		EA4852991D0284890009875A /* Sources */ = {
			isa = PBXSourcesBuildPhase;
			buildActionMask = 2147483647;
			files = (
				EA4852A21D0284890009875A /* UICategoryTests.m in Sources */,
			);
			runOnlyForDeploymentPostprocessing = 0;
		};
		EA4852A41D0284890009875A /* Sources */ = {
			isa = PBXSourcesBuildPhase;
			buildActionMask = 2147483647;
			files = (
				EA4852AD1D0284890009875A /* UICategoryUITests.m in Sources */,
			);
			runOnlyForDeploymentPostprocessing = 0;
		};
/* End PBXSourcesBuildPhase section */

/* Begin PBXTargetDependency section */
		EA48529F1D0284890009875A /* PBXTargetDependency */ = {
			isa = PBXTargetDependency;
			target = EA4852831D0284890009875A /* UICategory */;
			targetProxy = EA48529E1D0284890009875A /* PBXContainerItemProxy */;
		};
		EA4852AA1D0284890009875A /* PBXTargetDependency */ = {
			isa = PBXTargetDependency;
			target = EA4852831D0284890009875A /* UICategory */;
			targetProxy = EA4852A91D0284890009875A /* PBXContainerItemProxy */;
		};
/* End PBXTargetDependency section */

/* Begin PBXVariantGroup section */
		EA4852901D0284890009875A /* Main.storyboard */ = {
			isa = PBXVariantGroup;
			children = (
				EA4852911D0284890009875A /* Base */,
			);
			name = Main.storyboard;
			sourceTree = "<group>";
		};
		EA4852951D0284890009875A /* LaunchScreen.storyboard */ = {
			isa = PBXVariantGroup;
			children = (
				EA4852961D0284890009875A /* Base */,
			);
			name = LaunchScreen.storyboard;
			sourceTree = "<group>";
		};
/* End PBXVariantGroup section */

/* Begin XCBuildConfiguration section */
		EA4852AF1D0284890009875A /* Debug */ = {
			isa = XCBuildConfiguration;
			buildSettings = {
				ALWAYS_SEARCH_USER_PATHS = NO;
				CLANG_ANALYZER_NONNULL = YES;
				CLANG_CXX_LANGUAGE_STANDARD = "gnu++0x";
				CLANG_CXX_LIBRARY = "libc++";
				CLANG_ENABLE_MODULES = YES;
				CLANG_ENABLE_OBJC_ARC = YES;
				CLANG_WARN_BOOL_CONVERSION = YES;
				CLANG_WARN_CONSTANT_CONVERSION = YES;
				CLANG_WARN_DIRECT_OBJC_ISA_USAGE = YES_ERROR;
				CLANG_WARN_EMPTY_BODY = YES;
				CLANG_WARN_ENUM_CONVERSION = YES;
				CLANG_WARN_INT_CONVERSION = YES;
				CLANG_WARN_OBJC_ROOT_CLASS = YES_ERROR;
				CLANG_WARN_UNREACHABLE_CODE = YES;
				CLANG_WARN__DUPLICATE_METHOD_MATCH = YES;
				"CODE_SIGN_IDENTITY[sdk=iphoneos*]" = "iPhone Developer";
				COPY_PHASE_STRIP = NO;
				DEBUG_INFORMATION_FORMAT = dwarf;
				ENABLE_STRICT_OBJC_MSGSEND = YES;
				ENABLE_TESTABILITY = YES;
				GCC_C_LANGUAGE_STANDARD = gnu99;
				GCC_DYNAMIC_NO_PIC = NO;
				GCC_NO_COMMON_BLOCKS = YES;
				GCC_OPTIMIZATION_LEVEL = 0;
				GCC_PREPROCESSOR_DEFINITIONS = (
					"DEBUG=1",
					"$(inherited)",
				);
				GCC_WARN_64_TO_32_BIT_CONVERSION = YES;
				GCC_WARN_ABOUT_RETURN_TYPE = YES_ERROR;
				GCC_WARN_UNDECLARED_SELECTOR = YES;
				GCC_WARN_UNINITIALIZED_AUTOS = YES_AGGRESSIVE;
				GCC_WARN_UNUSED_FUNCTION = YES;
				GCC_WARN_UNUSED_VARIABLE = YES;
				IPHONEOS_DEPLOYMENT_TARGET = 9.3;
				MTL_ENABLE_DEBUG_INFO = YES;
				ONLY_ACTIVE_ARCH = YES;
				SDKROOT = iphoneos;
			};
			name = Debug;
		};
		EA4852B01D0284890009875A /* Release */ = {
			isa = XCBuildConfiguration;
			buildSettings = {
				ALWAYS_SEARCH_USER_PATHS = NO;
				CLANG_ANALYZER_NONNULL = YES;
				CLANG_CXX_LANGUAGE_STANDARD = "gnu++0x";
				CLANG_CXX_LIBRARY = "libc++";
				CLANG_ENABLE_MODULES = YES;
				CLANG_ENABLE_OBJC_ARC = YES;
				CLANG_WARN_BOOL_CONVERSION = YES;
				CLANG_WARN_CONSTANT_CONVERSION = YES;
				CLANG_WARN_DIRECT_OBJC_ISA_USAGE = YES_ERROR;
				CLANG_WARN_EMPTY_BODY = YES;
				CLANG_WARN_ENUM_CONVERSION = YES;
				CLANG_WARN_INT_CONVERSION = YES;
				CLANG_WARN_OBJC_ROOT_CLASS = YES_ERROR;
				CLANG_WARN_UNREACHABLE_CODE = YES;
				CLANG_WARN__DUPLICATE_METHOD_MATCH = YES;
				"CODE_SIGN_IDENTITY[sdk=iphoneos*]" = "iPhone Developer";
				COPY_PHASE_STRIP = NO;
				DEBUG_INFORMATION_FORMAT = "dwarf-with-dsym";
				ENABLE_NS_ASSERTIONS = NO;
				ENABLE_STRICT_OBJC_MSGSEND = YES;
				GCC_C_LANGUAGE_STANDARD = gnu99;
				GCC_NO_COMMON_BLOCKS = YES;
				GCC_WARN_64_TO_32_BIT_CONVERSION = YES;
				GCC_WARN_ABOUT_RETURN_TYPE = YES_ERROR;
				GCC_WARN_UNDECLARED_SELECTOR = YES;
				GCC_WARN_UNINITIALIZED_AUTOS = YES_AGGRESSIVE;
				GCC_WARN_UNUSED_FUNCTION = YES;
				GCC_WARN_UNUSED_VARIABLE = YES;
				IPHONEOS_DEPLOYMENT_TARGET = 9.3;
				MTL_ENABLE_DEBUG_INFO = NO;
				SDKROOT = iphoneos;
				VALIDATE_PRODUCT = YES;
			};
			name = Release;
		};
		EA4852B21D0284890009875A /* Debug */ = {
			isa = XCBuildConfiguration;
			buildSettings = {
				ASSETCATALOG_COMPILER_APPICON_NAME = AppIcon;
				INFOPLIST_FILE = UICategory/Info.plist;
				LD_RUNPATH_SEARCH_PATHS = "$(inherited) @executable_path/Frameworks";
				PRODUCT_BUNDLE_IDENTIFIER = cn.kidhub.UICategory;
				PRODUCT_NAME = "$(TARGET_NAME)";
			};
			name = Debug;
		};
		EA4852B31D0284890009875A /* Release */ = {
			isa = XCBuildConfiguration;
			buildSettings = {
				ASSETCATALOG_COMPILER_APPICON_NAME = AppIcon;
				INFOPLIST_FILE = UICategory/Info.plist;
				LD_RUNPATH_SEARCH_PATHS = "$(inherited) @executable_path/Frameworks";
				PRODUCT_BUNDLE_IDENTIFIER = cn.kidhub.UICategory;
				PRODUCT_NAME = "$(TARGET_NAME)";
			};
			name = Release;
		};
		EA4852B51D0284890009875A /* Debug */ = {
			isa = XCBuildConfiguration;
			buildSettings = {
				BUNDLE_LOADER = "$(TEST_HOST)";
				INFOPLIST_FILE = UICategoryTests/Info.plist;
				LD_RUNPATH_SEARCH_PATHS = "$(inherited) @executable_path/Frameworks @loader_path/Frameworks";
				PRODUCT_BUNDLE_IDENTIFIER = cn.kidhub.UICategoryTests;
				PRODUCT_NAME = "$(TARGET_NAME)";
				TEST_HOST = "$(BUILT_PRODUCTS_DIR)/UICategory.app/UICategory";
			};
			name = Debug;
		};
		EA4852B61D0284890009875A /* Release */ = {
			isa = XCBuildConfiguration;
			buildSettings = {
				BUNDLE_LOADER = "$(TEST_HOST)";
				INFOPLIST_FILE = UICategoryTests/Info.plist;
				LD_RUNPATH_SEARCH_PATHS = "$(inherited) @executable_path/Frameworks @loader_path/Frameworks";
				PRODUCT_BUNDLE_IDENTIFIER = cn.kidhub.UICategoryTests;
				PRODUCT_NAME = "$(TARGET_NAME)";
				TEST_HOST = "$(BUILT_PRODUCTS_DIR)/UICategory.app/UICategory";
			};
			name = Release;
		};
		EA4852B81D0284890009875A /* Debug */ = {
			isa = XCBuildConfiguration;
			buildSettings = {
				INFOPLIST_FILE = UICategoryUITests/Info.plist;
				LD_RUNPATH_SEARCH_PATHS = "$(inherited) @executable_path/Frameworks @loader_path/Frameworks";
				PRODUCT_BUNDLE_IDENTIFIER = cn.kidhub.UICategoryUITests;
				PRODUCT_NAME = "$(TARGET_NAME)";
				TEST_TARGET_NAME = UICategory;
			};
			name = Debug;
		};
		EA4852B91D0284890009875A /* Release */ = {
			isa = XCBuildConfiguration;
			buildSettings = {
				INFOPLIST_FILE = UICategoryUITests/Info.plist;
				LD_RUNPATH_SEARCH_PATHS = "$(inherited) @executable_path/Frameworks @loader_path/Frameworks";
				PRODUCT_BUNDLE_IDENTIFIER = cn.kidhub.UICategoryUITests;
				PRODUCT_NAME = "$(TARGET_NAME)";
				TEST_TARGET_NAME = UICategory;
			};
			name = Release;
		};
/* End XCBuildConfiguration section */

/* Begin XCConfigurationList section */
		EA48527F1D0284890009875A /* Build configuration list for PBXProject "UICategory" */ = {
			isa = XCConfigurationList;
			buildConfigurations = (
				EA4852AF1D0284890009875A /* Debug */,
				EA4852B01D0284890009875A /* Release */,
			);
			defaultConfigurationIsVisible = 0;
			defaultConfigurationName = Release;
		};
		EA4852B11D0284890009875A /* Build configuration list for PBXNativeTarget "UICategory" */ = {
			isa = XCConfigurationList;
			buildConfigurations = (
				EA4852B21D0284890009875A /* Debug */,
				EA4852B31D0284890009875A /* Release */,
			);
			defaultConfigurationIsVisible = 0;
			defaultConfigurationName = Release;
		};
		EA4852B41D0284890009875A /* Build configuration list for PBXNativeTarget "UICategoryTests" */ = {
			isa = XCConfigurationList;
			buildConfigurations = (
				EA4852B51D0284890009875A /* Debug */,
				EA4852B61D0284890009875A /* Release */,
			);
			defaultConfigurationIsVisible = 0;
			defaultConfigurationName = Release;
		};
		EA4852B71D0284890009875A /* Build configuration list for PBXNativeTarget "UICategoryUITests" */ = {
			isa = XCConfigurationList;
			buildConfigurations = (
				EA4852B81D0284890009875A /* Debug */,
				EA4852B91D0284890009875A /* Release */,
			);
			defaultConfigurationIsVisible = 0;
			defaultConfigurationName = Release;
		};
/* End XCConfigurationList section */
	};
	rootObject = EA48527C1D0284890009875A /* Project object */;
}
